
Microsoft Visual Studio Solution File, Format Version 12.00
Project("{FAE04EC0-301F-11D3-BF4B-00C04F79EFBC}") = "CurrencyConverter", "CurrencyConverter\CurrencyConverter.csproj", "{235333DF-53A2-4A13-AB51-57720A101617}"
EndProject
Project("{FAE04EC0-301F-11D3-BF4B-00C04F79EFBC}") = "Application", "Application\Application.csproj", "{A574935E-6B30-4C55-8785-077099E426E0}"
EndProject
Project("{FAE04EC0-301F-11D3-BF4B-00C04F79EFBC}") = "TestProject", "TestProject\TestProject.csproj", "{AF0B67C3-4132-44AD-BAE7-FD8E9650F3B6}"
EndProject
Global
	GlobalSection(SolutionConfigurationPlatforms) = preSolution
		Debug|Any CPU = Debug|Any CPU
		Release|Any CPU = Release|Any CPU
	EndGlobalSection
	GlobalSection(ProjectConfigurationPlatforms) = postSolution
		{235333DF-53A2-4A13-AB51-57720A101617}.Debug|Any CPU.ActiveCfg = Debug|Any CPU
		{235333DF-53A2-4A13-AB51-57720A101617}.Debug|Any CPU.Build.0 = Debug|Any CPU
		{235333DF-53A2-4A13-AB51-57720A101617}.Release|Any CPU.ActiveCfg = Release|Any CPU
		{235333DF-53A2-4A13-AB51-57720A101617}.Release|Any CPU.Build.0 = Release|Any CPU
		{A574935E-6B30-4C55-8785-077099E426E0}.Debug|Any CPU.ActiveCfg = Debug|Any CPU
		{A574935E-6B30-4C55-8785-077099E426E0}.Debug|Any CPU.Build.0 = Debug|Any CPU
		{A574935E-6B30-4C55-8785-077099E426E0}.Release|Any CPU.ActiveCfg = Release|Any CPU
		{A574935E-6B30-4C55-8785-077099E426E0}.Release|Any CPU.Build.0 = Release|Any CPU
		{AF0B67C3-4132-44AD-BAE7-FD8E9650F3B6}.Debug|Any CPU.ActiveCfg = Debug|Any CPU
		{AF0B67C3-4132-44AD-BAE7-FD8E9650F3B6}.Debug|Any CPU.Build.0 = Debug|Any CPU
		{AF0B67C3-4132-44AD-BAE7-FD8E9650F3B6}.Release|Any CPU.ActiveCfg = Release|Any CPU
		{AF0B67C3-4132-44AD-BAE7-FD8E9650F3B6}.Release|Any CPU.Build.0 = Release|Any CPU
	EndGlobalSection
EndGlobal
